{
  "name": "sql-map-easy",
  "version": "1.0.13",
  "lockfileVersion": 2,
  "requires": true,
  "packages": {
    "": {
      "name": "sql-map-easy",
      "version": "1.0.12",
      "license": "MIT",
      "dependencies": {
        "sql-map-easy": "^1.0.3",
        "typescript": "^4.8.2"
      }
    },
    "node_modules/sql-map-easy": {
      "version": "1.0.3",
      "resolved": "https://registry.npmjs.org/sql-map-easy/-/sql-map-easy-1.0.3.tgz",
      "integrity": "sha512-KdV7TAC5W8J2Lpt2gBLzbo2PqEahGfzw0MJJbnaQwAlS1b5ESmFcsDy29bbnBn4hJGmiazCyON0aHM+Ub970sw==",
      "dependencies": {
        "typescript": "^4.8.2"
      }
    },
    "node_modules/typescript": {
      "version": "4.8.2",
      "resolved": "https://registry.npmjs.org/typescript/-/typescript-4.8.2.tgz",
      "integrity": "sha512-C0I1UsrrDHo2fYI5oaCGbSejwX4ch+9Y5jTQELvovfmFkK3HHSZJB8MSJcWLmCUBzQBchCrZ9rMRV6GuNrvGtw==",
      "bin": {
        "tsc": "bin/tsc",
        "tsserver": "bin/tsserver"
      },
      "engines": {
        "node": ">=4.2.0"
      }
    }
  },
  "dependencies": {
    "sql-map-easy": {
      "version": "1.0.3",
      "resolved": "https://registry.npmjs.org/sql-map-easy/-/sql-map-easy-1.0.3.tgz",
      "integrity": "sha512-KdV7TAC5W8J2Lpt2gBLzbo2PqEahGfzw0MJJbnaQwAlS1b5ESmFcsDy29bbnBn4hJGmiazCyON0aHM+Ub970sw==",
      "requires": {
        "typescript": "^4.8.2"
      }
    },
    "typescript": {
      "version": "4.8.2",
      "resolved": "https://registry.npmjs.org/typescript/-/typescript-4.8.2.tgz",
      "integrity": "sha512-C0I1UsrrDHo2fYI5oaCGbSejwX4ch+9Y5jTQELvovfmFkK3HHSZJB8MSJcWLmCUBzQBchCrZ9rMRV6GuNrvGtw=="
    }
  }
}
